
Microsoft Visual Studio Solution File, Format Version 12.00
# Visual Studio Version 17
VisualStudioVersion = 17.12.35527.113 d17.12
MinimumVisualStudioVersion = 10.0.40219.1
Project("{FAE04EC0-301F-11D3-BF4B-00C04F79EFBC}") = "LottoTest", "LottoTest\LottoTest.csproj", "{0299EF0F-0C26-4BA9-8495-7CC735FBD182}"
EndProject
Global
	GlobalSection(SolutionConfigurationPlatforms) = preSolution
		Debug|Any CPU = Debug|Any CPU
		Release|Any CPU = Release|Any CPU
	EndGlobalSection
	GlobalSection(ProjectConfigurationPlatforms) = postSolution
		{0299EF0F-0C26-4BA9-8495-7CC735FBD182}.Debug|Any CPU.ActiveCfg = Debug|Any CPU
		{0299EF0F-0C26-4BA9-8495-7CC735FBD182}.Debug|Any CPU.Build.0 = Debug|Any CPU
		{0299EF0F-0C26-4BA9-8495-7CC735FBD182}.Release|Any CPU.ActiveCfg = Release|Any CPU
		{0299EF0F-0C26-4BA9-8495-7CC735FBD182}.Release|Any CPU.Build.0 = Release|Any CPU
	EndGlobalSection
	GlobalSection(SolutionProperties) = preSolution
		HideSolutionNode = FALSE
	EndGlobalSection
EndGlobal
